<?xml version="1.0" encoding="utf-8"?>
<Project ToolsVersion="4.0" xmlns="http://schemas.microsoft.com/developer/msbuild/2003">
  <ItemGroup>
    <ClCompile Include="ColliderObject.cpp">
      <Filter>Source Files</Filter>
    </ClCompile>
    <ClCompile Include="main.cpp">
      <Filter>Source Files</Filter>
    </ClCompile>
    <ClCompile Include="MemoryManager.cpp">
      <Filter>Source Files\Debug Only</Filter>
    </ClCompile>
    <ClCompile Include="MemoryOperators.h">
      <Filter>Header Files\Memory</Filter>
    </ClCompile>
    <ClCompile Include="MemoryPool.cpp">
      <Filter>Source Files\Memory</Filter>
    </ClCompile>
    <ClCompile Include="MemoryOperators.cpp">
      <Filter>Source Files\Memory</Filter>
    </ClCompile>
    <ClCompile Include="MemoryPoolManager.cpp">
      <Filter>Source Files\Memory</Filter>
    </ClCompile>
  </ItemGroup>
  <ItemGroup>
    <ClInclude Include="Callbacks.h">
      <Filter>Header Files</Filter>
    </ClInclude>
    <ClInclude Include="Box.h">
      <Filter>Header Files</Filter>
    </ClInclude>
    <ClInclude Include="globals.h">
      <Filter>Header Files</Filter>
    </ClInclude>
    <ClInclude Include="ColliderObject.h">
      <Filter>Header Files</Filter>
    </ClInclude>
    <ClInclude Include="Sphere.h">
      <Filter>Header Files</Filter>
    </ClInclude>
    <ClInclude Include="Vec3.h">
      <Filter>Header Files</Filter>
    </ClInclude>
    <ClInclude Include="Timer.h">
      <Filter>Header Files</Filter>
    </ClInclude>
    <ClInclude Include="LinkedVector.h">
      <Filter>Header Files</Filter>
    </ClInclude>
    <ClInclude Include="MemoryManager.h">
      <Filter>Header Files\Debug Only</Filter>
    </ClInclude>
    <ClInclude Include="Tracker.h">
      <Filter>Header Files\Debug Only</Filter>
    </ClInclude>
    <ClInclude Include="TrackerIndex.h">
      <Filter>Header Files\Debug Only</Filter>
    </ClInclude>
    <ClInclude Include="MemoryPool.h">
      <Filter>Header Files\Memory</Filter>
    </ClInclude>
    <ClInclude Include="MemoryPoolManager.h">
      <Filter>Header Files\Memory</Filter>
    </ClInclude>
  </ItemGroup>
  <ItemGroup>
    <Filter Include="Header Files">
      <UniqueIdentifier>{a79c749a-0a66-42a6-8149-71c927c8d342}</UniqueIdentifier>
    </Filter>
    <Filter Include="Source Files">
      <UniqueIdentifier>{20827600-dc95-4fa2-ba17-b567236af8eb}</UniqueIdentifier>
    </Filter>
    <Filter Include="Header Files\Debug Only">
      <UniqueIdentifier>{c9712fca-743d-4e7c-8723-78eee8afaa0f}</UniqueIdentifier>
    </Filter>
    <Filter Include="Source Files\Debug Only">
      <UniqueIdentifier>{82193bf2-6d15-45ed-98a7-3f3e141d1615}</UniqueIdentifier>
    </Filter>
    <Filter Include="Header Files\Memory">
      <UniqueIdentifier>{46415cf7-cac9-4136-8170-8d69f13d858b}</UniqueIdentifier>
    </Filter>
    <Filter Include="Source Files\Memory">
      <UniqueIdentifier>{ff445278-2e24-49e2-950f-aa8df6eca3f4}</UniqueIdentifier>
    </Filter>
  </ItemGroup>
</Project>